
Microsoft Visual Studio Solution File, Format Version 12.00
# Visual Studio Version 17
VisualStudioVersion = 17.1.32414.318
MinimumVisualStudioVersion = 10.0.40219.1
Project("{FAE04EC0-301F-11D3-BF4B-00C04F79EFBC}") = "moneyboss-user-service", "moneyboss-user-service\moneyboss-user-service.csproj", "{7F940204-7211-4964-B307-8F5078FB63B6}"
EndProject
Global
	GlobalSection(SolutionConfigurationPlatforms) = preSolution
		Debug|Any CPU = Debug|Any CPU
		Release|Any CPU = Release|Any CPU
	EndGlobalSection
	GlobalSection(ProjectConfigurationPlatforms) = postSolution
		{7F940204-7211-4964-B307-8F5078FB63B6}.Debug|Any CPU.ActiveCfg = Debug|Any CPU
		{7F940204-7211-4964-B307-8F5078FB63B6}.Debug|Any CPU.Build.0 = Debug|Any CPU
		{7F940204-7211-4964-B307-8F5078FB63B6}.Release|Any CPU.ActiveCfg = Release|Any CPU
		{7F940204-7211-4964-B307-8F5078FB63B6}.Release|Any CPU.Build.0 = Release|Any CPU
	EndGlobalSection
	GlobalSection(SolutionProperties) = preSolution
		HideSolutionNode = FALSE
	EndGlobalSection
	GlobalSection(ExtensibilityGlobals) = postSolution
		SolutionGuid = {98C2B5D7-E7FC-42D1-A5EF-97B50966E670}
	EndGlobalSection
EndGlobal
